
Microsoft Visual Studio Solution File, Format Version 12.00
# Visual Studio Version 16
VisualStudioVersion = 16.0.30907.101
MinimumVisualStudioVersion = 10.0.40219.1
Project("{9A19103F-16F7-4668-BE54-9A1E7A4F7556}") = "DataAccess", "DataAccess\DataAccess.csproj", "{07A7205B-99EC-4EBC-8C5B-022AB84356F3}"
EndProject
Project("{9A19103F-16F7-4668-BE54-9A1E7A4F7556}") = "Business", "Business\Business.csproj", "{B294ADC5-C4E6-468A-81FB-A22A6FE3BDF3}"
EndProject
Project("{9A19103F-16F7-4668-BE54-9A1E7A4F7556}") = "Entities", "Entitites\Entities.csproj", "{465B879F-B2A6-428E-8541-9F02FFC0D720}"
EndProject
Project("{9A19103F-16F7-4668-BE54-9A1E7A4F7556}") = "ConsoleUI", "ConsoleUI\ConsoleUI.csproj", "{3B7D8949-A42D-484A-B4B5-D39BA1294410}"
EndProject
Project("{FAE04EC0-301F-11D3-BF4B-00C04F79EFBC}") = "Core", "Core\Core.csproj", "{F4819539-16B5-4C87-A7F9-347B5096D44C}"
EndProject
Global
	GlobalSection(SolutionConfigurationPlatforms) = preSolution
		Debug|Any CPU = Debug|Any CPU
		Release|Any CPU = Release|Any CPU
	EndGlobalSection
	GlobalSection(ProjectConfigurationPlatforms) = postSolution
		{07A7205B-99EC-4EBC-8C5B-022AB84356F3}.Debug|Any CPU.ActiveCfg = Debug|Any CPU
		{07A7205B-99EC-4EBC-8C5B-022AB84356F3}.Debug|Any CPU.Build.0 = Debug|Any CPU
		{07A7205B-99EC-4EBC-8C5B-022AB84356F3}.Release|Any CPU.ActiveCfg = Release|Any CPU
		{07A7205B-99EC-4EBC-8C5B-022AB84356F3}.Release|Any CPU.Build.0 = Release|Any CPU
		{B294ADC5-C4E6-468A-81FB-A22A6FE3BDF3}.Debug|Any CPU.ActiveCfg = Debug|Any CPU
		{B294ADC5-C4E6-468A-81FB-A22A6FE3BDF3}.Debug|Any CPU.Build.0 = Debug|Any CPU
		{B294ADC5-C4E6-468A-81FB-A22A6FE3BDF3}.Release|Any CPU.ActiveCfg = Release|Any CPU
		{B294ADC5-C4E6-468A-81FB-A22A6FE3BDF3}.Release|Any CPU.Build.0 = Release|Any CPU
		{465B879F-B2A6-428E-8541-9F02FFC0D720}.Debug|Any CPU.ActiveCfg = Debug|Any CPU
		{465B879F-B2A6-428E-8541-9F02FFC0D720}.Debug|Any CPU.Build.0 = Debug|Any CPU
		{465B879F-B2A6-428E-8541-9F02FFC0D720}.Release|Any CPU.ActiveCfg = Release|Any CPU
		{465B879F-B2A6-428E-8541-9F02FFC0D720}.Release|Any CPU.Build.0 = Release|Any CPU
		{3B7D8949-A42D-484A-B4B5-D39BA1294410}.Debug|Any CPU.ActiveCfg = Debug|Any CPU
		{3B7D8949-A42D-484A-B4B5-D39BA1294410}.Debug|Any CPU.Build.0 = Debug|Any CPU
		{3B7D8949-A42D-484A-B4B5-D39BA1294410}.Release|Any CPU.ActiveCfg = Release|Any CPU
		{3B7D8949-A42D-484A-B4B5-D39BA1294410}.Release|Any CPU.Build.0 = Release|Any CPU
		{F4819539-16B5-4C87-A7F9-347B5096D44C}.Debug|Any CPU.ActiveCfg = Debug|Any CPU
		{F4819539-16B5-4C87-A7F9-347B5096D44C}.Debug|Any CPU.Build.0 = Debug|Any CPU
		{F4819539-16B5-4C87-A7F9-347B5096D44C}.Release|Any CPU.ActiveCfg = Release|Any CPU
		{F4819539-16B5-4C87-A7F9-347B5096D44C}.Release|Any CPU.Build.0 = Release|Any CPU
	EndGlobalSection
	GlobalSection(SolutionProperties) = preSolution
		HideSolutionNode = FALSE
	EndGlobalSection
	GlobalSection(ExtensibilityGlobals) = postSolution
		SolutionGuid = {7DE56F5F-FA81-49A6-9F0D-CA41117FB026}
	EndGlobalSection
EndGlobal
